{
  "name": "hexo-theme-icarus",
  "version": "0.2.1",
  "lockfileVersion": 1,
  "requires": true,
  "dependencies": {
    "live2d-widget-model-miku": {
      "version": "1.0.5",
      "resolved": "https://registry.npmjs.org/live2d-widget-model-miku/-/live2d-widget-model-miku-1.0.5.tgz",
      "integrity": "sha512-uwthpWUAeqiA/tL87QNri1eNp0w0UKxM34n/PhA0ng/ZU4hhsJKYHaRcoPK8oOWbpLYCoS8uzWAACmXfomylTg=="
    }
  }
}
